
Microsoft Visual Studio Solution File, Format Version 12.00
Project("{FAE04EC0-301F-11D3-BF4B-00C04F79EFBC}") = "SheetEditor.TelegramBot", "SheetEditor.TelegramBot\SheetEditor.TelegramBot.csproj", "{31475D78-DD29-48AE-B160-0A36ACD83212}"
EndProject
Global
	GlobalSection(SolutionConfigurationPlatforms) = preSolution
		Debug|Any CPU = Debug|Any CPU
		Release|Any CPU = Release|Any CPU
	EndGlobalSection
	GlobalSection(ProjectConfigurationPlatforms) = postSolution
		{31475D78-DD29-48AE-B160-0A36ACD83212}.Debug|Any CPU.ActiveCfg = Debug|Any CPU
		{31475D78-DD29-48AE-B160-0A36ACD83212}.Debug|Any CPU.Build.0 = Debug|Any CPU
		{31475D78-DD29-48AE-B160-0A36ACD83212}.Release|Any CPU.ActiveCfg = Release|Any CPU
		{31475D78-DD29-48AE-B160-0A36ACD83212}.Release|Any CPU.Build.0 = Release|Any CPU
	EndGlobalSection
EndGlobal
